{
  "pins" : [
    {
      "identity" : "alamofire",
      "kind" : "remoteSourceControl",
      "location" : "https://github.com/Alamofire/Alamofire",
      "state" : {
        "revision" : "bc268c28fb170f494de9e9927c371b8342979ece",
        "version" : "5.7.1"
      }
    },
    {
      "identity" : "async-http-client",
      "kind" : "remoteSourceControl",
      "location" : "https://github.com/swift-server/async-http-client.git",
      "state" : {
        "revision" : "864c8d9e0ead5de7ba70b61c8982f89126710863",
        "version" : "1.15.0"
      }
    },
    {
      "identity" : "axistabview",
      "kind" : "remoteSourceControl",
      "location" : "https://github.com/jasudev/AxisTabView",
      "state" : {
        "revision" : "5677e874634a2ccf890a1a5ed9258b4d5d9a3d7a",
        "version" : "0.5.1"
      }
    },
    {
      "identity" : "chatgptswift",
      "kind" : "remoteSourceControl",
      "location" : "https://github.com/alfianlosari/ChatGPTSwift",
      "state" : {
        "revision" : "c86cd2bd5fe907db9a1474b7973fa502c86f27fb",
        "version" : "1.2.3"
      }
    },
    {
      "identity" : "openai",
      "kind" : "remoteSourceControl",
      "location" : "https://github.com/colealanroberts/openai",
      "state" : {
        "revision" : "8a428e6644301ca98d2dbb38a11c6b85a545e61c",
        "version" : "1.0.5"
      }
    },
    {
      "identity" : "openaikit",
      "kind" : "remoteSourceControl",
      "location" : "https://github.com/MarcoDotIO/OpenAIKit",
      "state" : {
        "revision" : "9e718bc33f10bc0c0524ae140be6a89651c4ea3d",
        "version" : "1.2.0"
      }
    },
    {
      "identity" : "swift-atomics",
      "kind" : "remoteSourceControl",
      "location" : "https://github.com/apple/swift-atomics.git",
      "state" : {
        "revision" : "ff3d2212b6b093db7f177d0855adbc4ef9c5f036",
        "version" : "1.0.3"
      }
    },
    {
      "identity" : "swift-collections",
      "kind" : "remoteSourceControl",
      "location" : "https://github.com/apple/swift-collections.git",
      "state" : {
        "revision" : "937e904258d22af6e447a0b72c0bc67583ef64a2",
        "version" : "1.0.4"
      }
    },
    {
      "identity" : "swift-log",
      "kind" : "remoteSourceControl",
      "location" : "https://github.com/apple/swift-log.git",
      "state" : {
        "revision" : "32e8d724467f8fe623624570367e3d50c5638e46",
        "version" : "1.5.2"
      }
    },
    {
      "identity" : "swift-nio",
      "kind" : "remoteSourceControl",
      "location" : "https://github.com/apple/swift-nio.git",
      "state" : {
        "revision" : "9b2848d76f5caad08b97e71a04345aa5bdb23a06",
        "version" : "2.49.0"
      }
    },
    {
      "identity" : "swift-nio-extras",
      "kind" : "remoteSourceControl",
      "location" : "https://github.com/apple/swift-nio-extras.git",
      "state" : {
        "revision" : "cc1e5275079380c859417dbea8588531f1a90ec3",
        "version" : "1.18.0"
      }
    },
    {
      "identity" : "swift-nio-http2",
      "kind" : "remoteSourceControl",
      "location" : "https://github.com/apple/swift-nio-http2.git",
      "state" : {
        "revision" : "38feec96bcd929028939107684073554bf01abeb",
        "version" : "1.25.2"
      }
    },
    {
      "identity" : "swift-nio-ssl",
      "kind" : "remoteSourceControl",
      "location" : "https://github.com/apple/swift-nio-ssl.git",
      "state" : {
        "revision" : "4fb7ead803e38949eb1d6fabb849206a72c580f3",
        "version" : "2.23.0"
      }
    },
    {
      "identity" : "swift-nio-transport-services",
      "kind" : "remoteSourceControl",
      "location" : "https://github.com/apple/swift-nio-transport-services.git",
      "state" : {
        "revision" : "c0d9a144cfaec8d3d596aadde3039286a266c15c",
        "version" : "1.15.0"
      }
    },
    {
      "identity" : "swiftyjson",
      "kind" : "remoteSourceControl",
      "location" : "https://github.com/SwiftyJSON/SwiftyJSON.git",
      "state" : {
        "revision" : "b3dcd7dbd0d488e1a7077cb33b00f2083e382f07",
        "version" : "5.0.1"
      }
    }
  ],
  "version" : 2
}
